# This file is autogenerated, do not edit; changes may be undone by the next 'dep ensure'.


[[projects]]
  branch = "master"
  name = "github.com/alimac/orc"
  packages = ["."]
  revision = "4529e4150ce8334b1f387425c4600375227029a6"

[[projects]]
  name = "github.com/gorilla/context"
  packages = ["."]
  revision = "1ea25387ff6f684839d82767c1733ff4d4d15d0a"
  version = "v1.1"

[[projects]]
  name = "github.com/gorilla/mux"
  packages = ["."]
  revision = "53c1911da2b537f792e7cafcb446b05ffe33b996"
  version = "v1.6.1"

[solve-meta]
  analyzer-name = "dep"
  analyzer-version = 1
  inputs-digest = "1c53af6e1e1b856e3a2ba7c87db9e4e35516eb06d975f83642043b74d0d12f6b"
  solver-name = "gps-cdcl"
  solver-version = 1
